// !$*UTF8*$!
{
	archiveVersion = 1;
	classes = {
	};
	objectVersion = 45;
	objects = {

/* Begin PBXBuildFile section */
		2F7446990DB6B7EA00F9684A /* MainMenu.xib in Resources */ = {isa = PBXBuildFile; fileRef = 2F7446970DB6B7EA00F9684A /* MainMenu.xib */; };
		7509BD5810D9590700ED6FAC /* HEParser.m in Sources */ = {isa = PBXBuildFile; fileRef = 7509BD5710D9590700ED6FAC /* HEParser.m */; };
		7509BD7B10D95B0400ED6FAC /* HEAtomParser.m in Sources */ = {isa = PBXBuildFile; fileRef = 7509BD7A10D95B0400ED6FAC /* HEAtomParser.m */; };
		7509BD9810D95C3D00ED6FAC /* HEPreferences.xib in Resources */ = {isa = PBXBuildFile; fileRef = 7509BD9710D95C3D00ED6FAC /* HEPreferences.xib */; };
		7509BDD110D9625B00ED6FAC /* HEPreferencesWindowController.m in Sources */ = {isa = PBXBuildFile; fileRef = 7509BDD010D9625B00ED6FAC /* HEPreferencesWindowController.m */; };
		7523D21C10D98F1700144B8B /* RegexKitLite.m in Sources */ = {isa = PBXBuildFile; fileRef = 7523D21B10D98F1700144B8B /* RegexKitLite.m */; };
		7523D23210D9AAA700144B8B /* libicucore.dylib in Frameworks */ = {isa = PBXBuildFile; fileRef = 7523D23110D9AAA700144B8B /* libicucore.dylib */; };
		757559A810DA595C009224B7 /* NSManagedObject+Utilities.m in Sources */ = {isa = PBXBuildFile; fileRef = 757559A710DA595C009224B7 /* NSManagedObject+Utilities.m */; };
		75E91C4D10D81A480045E672 /* HEReader.xib in Resources */ = {isa = PBXBuildFile; fileRef = 75E91C4C10D81A480045E672 /* HEReader.xib */; };
		75E91C5010D81C640045E672 /* BWToolkitFramework.framework in Frameworks */ = {isa = PBXBuildFile; fileRef = 75E91C4F10D81C640045E672 /* BWToolkitFramework.framework */; };
		75E91C8310D81C7B0045E672 /* BWToolkitFramework.framework in CopyFiles */ = {isa = PBXBuildFile; fileRef = 75E91C4F10D81C640045E672 /* BWToolkitFramework.framework */; };
		75E91C8C10D81E9F0045E672 /* HEReaderWindowController.m in Sources */ = {isa = PBXBuildFile; fileRef = 75E91C8B10D81E9F0045E672 /* HEReaderWindowController.m */; };
		75E91C9110D81EBF0045E672 /* HEPostListView.m in Sources */ = {isa = PBXBuildFile; fileRef = 75E91C9010D81EBF0045E672 /* HEPostListView.m */; };
		75E91CB410D827980045E672 /* WebKit.framework in Frameworks */ = {isa = PBXBuildFile; fileRef = 75E91CB310D827980045E672 /* WebKit.framework */; };
		75E91CD210D827D90045E672 /* HEBannerView.m in Sources */ = {isa = PBXBuildFile; fileRef = 75E91CD110D827D90045E672 /* HEBannerView.m */; };
		75E91D0010D831410045E672 /* HERSSParser.m in Sources */ = {isa = PBXBuildFile; fileRef = 75E91CFF10D831410045E672 /* HERSSParser.m */; };
		75E91D0F10D842320045E672 /* HERSSDateParser.m in Sources */ = {isa = PBXBuildFile; fileRef = 75E91D0E10D842320045E672 /* HERSSDateParser.m */; };
		75E91D5A10D864730045E672 /* HEPostListItemLayer.m in Sources */ = {isa = PBXBuildFile; fileRef = 75E91D5910D864730045E672 /* HEPostListItemLayer.m */; };
		75E91D5C10D864990045E672 /* QuartzCore.framework in Frameworks */ = {isa = PBXBuildFile; fileRef = 75E91D5B10D864990045E672 /* QuartzCore.framework */; };
		75E920E610D8797B0045E672 /* HERefresher.m in Sources */ = {isa = PBXBuildFile; fileRef = 75E920E510D8797B0045E672 /* HERefresher.m */; };
		770B37ED0679A11B001EADE2 /* Helium_DataModel.xcdatamodel in Sources */ = {isa = PBXBuildFile; fileRef = 770B37EC0679A11B001EADE2 /* Helium_DataModel.xcdatamodel */; };
		77C8280E06725ACE000B614F /* HEApplicationDelegate.m in Sources */ = {isa = PBXBuildFile; fileRef = 77C8280C06725ACE000B614F /* HEApplicationDelegate.m */; };
		8D11072B0486CEB800E47090 /* InfoPlist.strings in Resources */ = {isa = PBXBuildFile; fileRef = 089C165CFE840E0CC02AAC07 /* InfoPlist.strings */; };
		8D11072D0486CEB800E47090 /* main.m in Sources */ = {isa = PBXBuildFile; fileRef = 29B97316FDCFA39411CA2CEA /* main.m */; settings = {ATTRIBUTES = (); }; };
		8D11072F0486CEB800E47090 /* Cocoa.framework in Frameworks */ = {isa = PBXBuildFile; fileRef = 1058C7A1FEA54F0111CA2CBB /* Cocoa.framework */; };
/* End PBXBuildFile section */

/* Begin PBXCopyFilesBuildPhase section */
		75E91C8410D81C990045E672 /* CopyFiles */ = {
			isa = PBXCopyFilesBuildPhase;
			buildActionMask = 2147483647;
			dstPath = "";
			dstSubfolderSpec = 10;
			files = (
				75E91C8310D81C7B0045E672 /* BWToolkitFramework.framework in CopyFiles */,
			);
			runOnlyForDeploymentPostprocessing = 0;
		};
/* End PBXCopyFilesBuildPhase section */

/* Begin PBXFileReference section */
		089C165DFE840E0CC02AAC07 /* English */ = {isa = PBXFileReference; fileEncoding = 10; lastKnownFileType = text.plist.strings; name = English; path = English.lproj/InfoPlist.strings; sourceTree = "<group>"; };
		1058C7A1FEA54F0111CA2CBB /* Cocoa.framework */ = {isa = PBXFileReference; lastKnownFileType = wrapper.framework; name = Cocoa.framework; path = /System/Library/Frameworks/Cocoa.framework; sourceTree = "<absolute>"; };
		29B97316FDCFA39411CA2CEA /* main.m */ = {isa = PBXFileReference; fileEncoding = 4; lastKnownFileType = sourcecode.c.objc; path = main.m; sourceTree = "<group>"; };
		29B97324FDCFA39411CA2CEA /* AppKit.framework */ = {isa = PBXFileReference; lastKnownFileType = wrapper.framework; name = AppKit.framework; path = /System/Library/Frameworks/AppKit.framework; sourceTree = "<absolute>"; };
		29B97325FDCFA39411CA2CEA /* Foundation.framework */ = {isa = PBXFileReference; lastKnownFileType = wrapper.framework; name = Foundation.framework; path = /System/Library/Frameworks/Foundation.framework; sourceTree = "<absolute>"; };
		2F7446980DB6B7EA00F9684A /* English */ = {isa = PBXFileReference; lastKnownFileType = file.xib; name = English; path = English.lproj/MainMenu.xib; sourceTree = "<group>"; };
		32CA4F630368D1EE00C91783 /* Helium_Prefix.pch */ = {isa = PBXFileReference; fileEncoding = 4; lastKnownFileType = sourcecode.c.h; path = Helium_Prefix.pch; sourceTree = "<group>"; };
		7509BD5610D9590700ED6FAC /* HEParser.h */ = {isa = PBXFileReference; fileEncoding = 4; lastKnownFileType = sourcecode.c.h; path = HEParser.h; sourceTree = "<group>"; };
		7509BD5710D9590700ED6FAC /* HEParser.m */ = {isa = PBXFileReference; fileEncoding = 4; lastKnownFileType = sourcecode.c.objc; path = HEParser.m; sourceTree = "<group>"; };
		7509BD7910D95B0400ED6FAC /* HEAtomParser.h */ = {isa = PBXFileReference; fileEncoding = 4; lastKnownFileType = sourcecode.c.h; path = HEAtomParser.h; sourceTree = "<group>"; };
		7509BD7A10D95B0400ED6FAC /* HEAtomParser.m */ = {isa = PBXFileReference; fileEncoding = 4; lastKnownFileType = sourcecode.c.objc; path = HEAtomParser.m; sourceTree = "<group>"; };
		7509BD9710D95C3D00ED6FAC /* HEPreferences.xib */ = {isa = PBXFileReference; lastKnownFileType = file.xib; path = HEPreferences.xib; sourceTree = "<group>"; };
		7509BDCF10D9625B00ED6FAC /* HEPreferencesWindowController.h */ = {isa = PBXFileReference; fileEncoding = 4; lastKnownFileType = sourcecode.c.h; path = HEPreferencesWindowController.h; sourceTree = "<group>"; };
		7509BDD010D9625B00ED6FAC /* HEPreferencesWindowController.m */ = {isa = PBXFileReference; fileEncoding = 4; lastKnownFileType = sourcecode.c.objc; path = HEPreferencesWindowController.m; sourceTree = "<group>"; };
		7523D21A10D98F1700144B8B /* RegexKitLite.h */ = {isa = PBXFileReference; fileEncoding = 4; lastKnownFileType = sourcecode.c.h; path = RegexKitLite.h; sourceTree = "<group>"; };
		7523D21B10D98F1700144B8B /* RegexKitLite.m */ = {isa = PBXFileReference; fileEncoding = 4; lastKnownFileType = sourcecode.c.objc; path = RegexKitLite.m; sourceTree = "<group>"; };
		7523D23110D9AAA700144B8B /* libicucore.dylib */ = {isa = PBXFileReference; lastKnownFileType = "compiled.mach-o.dylib"; name = libicucore.dylib; path = /usr/lib/libicucore.dylib; sourceTree = "<absolute>"; };
		757559A610DA595C009224B7 /* NSManagedObject+Utilities.h */ = {isa = PBXFileReference; fileEncoding = 4; lastKnownFileType = sourcecode.c.h; path = "NSManagedObject+Utilities.h"; sourceTree = "<group>"; };
		757559A710DA595C009224B7 /* NSManagedObject+Utilities.m */ = {isa = PBXFileReference; fileEncoding = 4; lastKnownFileType = sourcecode.c.objc; path = "NSManagedObject+Utilities.m"; sourceTree = "<group>"; };
		75E91C4C10D81A480045E672 /* HEReader.xib */ = {isa = PBXFileReference; lastKnownFileType = file.xib; path = HEReader.xib; sourceTree = "<group>"; };
		75E91C4F10D81C640045E672 /* BWToolkitFramework.framework */ = {isa = PBXFileReference; lastKnownFileType = wrapper.framework; path = BWToolkitFramework.framework; sourceTree = "<group>"; };
		75E91C8A10D81E9F0045E672 /* HEReaderWindowController.h */ = {isa = PBXFileReference; fileEncoding = 4; lastKnownFileType = sourcecode.c.h; path = HEReaderWindowController.h; sourceTree = "<group>"; };
		75E91C8B10D81E9F0045E672 /* HEReaderWindowController.m */ = {isa = PBXFileReference; fileEncoding = 4; lastKnownFileType = sourcecode.c.objc; path = HEReaderWindowController.m; sourceTree = "<group>"; };
		75E91C8F10D81EBF0045E672 /* HEPostListView.h */ = {isa = PBXFileReference; fileEncoding = 4; lastKnownFileType = sourcecode.c.h; path = HEPostListView.h; sourceTree = "<group>"; };
		75E91C9010D81EBF0045E672 /* HEPostListView.m */ = {isa = PBXFileReference; fileEncoding = 4; lastKnownFileType = sourcecode.c.objc; path = HEPostListView.m; sourceTree = "<group>"; };
		75E91CB310D827980045E672 /* WebKit.framework */ = {isa = PBXFileReference; lastKnownFileType = wrapper.framework; name = WebKit.framework; path = /System/Library/Frameworks/WebKit.framework; sourceTree = "<absolute>"; };
		75E91CD010D827D90045E672 /* HEBannerView.h */ = {isa = PBXFileReference; fileEncoding = 4; lastKnownFileType = sourcecode.c.h; path = HEBannerView.h; sourceTree = "<group>"; };
		75E91CD110D827D90045E672 /* HEBannerView.m */ = {isa = PBXFileReference; fileEncoding = 4; lastKnownFileType = sourcecode.c.objc; path = HEBannerView.m; sourceTree = "<group>"; };
		75E91CFE10D831410045E672 /* HERSSParser.h */ = {isa = PBXFileReference; fileEncoding = 4; lastKnownFileType = sourcecode.c.h; path = HERSSParser.h; sourceTree = "<group>"; };
		75E91CFF10D831410045E672 /* HERSSParser.m */ = {isa = PBXFileReference; fileEncoding = 4; lastKnownFileType = sourcecode.c.objc; path = HERSSParser.m; sourceTree = "<group>"; };
		75E91D0D10D842320045E672 /* HERSSDateParser.h */ = {isa = PBXFileReference; fileEncoding = 4; lastKnownFileType = sourcecode.c.h; path = HERSSDateParser.h; sourceTree = "<group>"; };
		75E91D0E10D842320045E672 /* HERSSDateParser.m */ = {isa = PBXFileReference; fileEncoding = 4; lastKnownFileType = sourcecode.c.objc; path = HERSSDateParser.m; sourceTree = "<group>"; };
		75E91D5810D864730045E672 /* HEPostListItemLayer.h */ = {isa = PBXFileReference; fileEncoding = 4; lastKnownFileType = sourcecode.c.h; path = HEPostListItemLayer.h; sourceTree = "<group>"; };
		75E91D5910D864730045E672 /* HEPostListItemLayer.m */ = {isa = PBXFileReference; fileEncoding = 4; lastKnownFileType = sourcecode.c.objc; path = HEPostListItemLayer.m; sourceTree = "<group>"; };
		75E91D5B10D864990045E672 /* QuartzCore.framework */ = {isa = PBXFileReference; lastKnownFileType = wrapper.framework; name = QuartzCore.framework; path = /System/Library/Frameworks/QuartzCore.framework; sourceTree = "<absolute>"; };
		75E920E410D8797B0045E672 /* HERefresher.h */ = {isa = PBXFileReference; fileEncoding = 4; lastKnownFileType = sourcecode.c.h; path = HERefresher.h; sourceTree = "<group>"; };
		75E920E510D8797B0045E672 /* HERefresher.m */ = {isa = PBXFileReference; fileEncoding = 4; lastKnownFileType = sourcecode.c.objc; path = HERefresher.m; sourceTree = "<group>"; };
		770B37EC0679A11B001EADE2 /* Helium_DataModel.xcdatamodel */ = {isa = PBXFileReference; fileEncoding = 4; lastKnownFileType = wrapper.xcdatamodel; path = Helium_DataModel.xcdatamodel; sourceTree = "<group>"; };
		77C82804067257F0000B614F /* CoreData.framework */ = {isa = PBXFileReference; lastKnownFileType = wrapper.framework; name = CoreData.framework; path = /System/Library/Frameworks/CoreData.framework; sourceTree = "<absolute>"; };
		77C8280B06725ACE000B614F /* HEApplicationDelegate.h */ = {isa = PBXFileReference; fileEncoding = 4; lastKnownFileType = sourcecode.c.h; path = HEApplicationDelegate.h; sourceTree = "<group>"; };
		77C8280C06725ACE000B614F /* HEApplicationDelegate.m */ = {isa = PBXFileReference; fileEncoding = 4; lastKnownFileType = sourcecode.c.objc; path = HEApplicationDelegate.m; sourceTree = "<group>"; };
		8D1107310486CEB800E47090 /* Helium-Info.plist */ = {isa = PBXFileReference; explicitFileType = text.plist.xml; fileEncoding = 4; path = "Helium-Info.plist"; sourceTree = "<group>"; };
		8D1107320486CEB800E47090 /* Helium.app */ = {isa = PBXFileReference; explicitFileType = wrapper.application; includeInIndex = 0; path = Helium.app; sourceTree = BUILT_PRODUCTS_DIR; };
/* End PBXFileReference section */

/* Begin PBXFrameworksBuildPhase section */
		8D11072E0486CEB800E47090 /* Frameworks */ = {
			isa = PBXFrameworksBuildPhase;
			buildActionMask = 2147483647;
			files = (
				8D11072F0486CEB800E47090 /* Cocoa.framework in Frameworks */,
				75E91C5010D81C640045E672 /* BWToolkitFramework.framework in Frameworks */,
				75E91CB410D827980045E672 /* WebKit.framework in Frameworks */,
				75E91D5C10D864990045E672 /* QuartzCore.framework in Frameworks */,
				7523D23210D9AAA700144B8B /* libicucore.dylib in Frameworks */,
			);
			runOnlyForDeploymentPostprocessing = 0;
		};
/* End PBXFrameworksBuildPhase section */

/* Begin PBXGroup section */
		080E96DDFE201D6D7F000001 /* Classes */ = {
			isa = PBXGroup;
			children = (
				7509BD8E10D95BF900ED6FAC /* Controllers */,
				7509BD9110D95C0C00ED6FAC /* Views */,
				7509BD7610D95AF900ED6FAC /* Parsing */,
				7509BD9410D95C1F00ED6FAC /* Misc */,
			);
			name = Classes;
			sourceTree = "<group>";
		};
		1058C7A0FEA54F0111CA2CBB /* Linked Frameworks */ = {
			isa = PBXGroup;
			children = (
				75E91C4F10D81C640045E672 /* BWToolkitFramework.framework */,
				1058C7A1FEA54F0111CA2CBB /* Cocoa.framework */,
				75E91CB310D827980045E672 /* WebKit.framework */,
				75E91D5B10D864990045E672 /* QuartzCore.framework */,
				7523D23110D9AAA700144B8B /* libicucore.dylib */,
			);
			name = "Linked Frameworks";
			sourceTree = "<group>";
		};
		1058C7A2FEA54F0111CA2CBB /* Other Frameworks */ = {
			isa = PBXGroup;
			children = (
				77C82804067257F0000B614F /* CoreData.framework */,
				29B97325FDCFA39411CA2CEA /* Foundation.framework */,
				29B97324FDCFA39411CA2CEA /* AppKit.framework */,
			);
			name = "Other Frameworks";
			sourceTree = "<group>";
		};
		19C28FACFE9D520D11CA2CBB /* Products */ = {
			isa = PBXGroup;
			children = (
				8D1107320486CEB800E47090 /* Helium.app */,
			);
			name = Products;
			sourceTree = "<group>";
		};
		29B97314FDCFA39411CA2CEA /* Helium */ = {
			isa = PBXGroup;
			children = (
				7756732906782D8800D1FEB8 /* Models */,
				080E96DDFE201D6D7F000001 /* Classes */,
				29B97315FDCFA39411CA2CEA /* Other Sources */,
				29B97317FDCFA39411CA2CEA /* Resources */,
				29B97323FDCFA39411CA2CEA /* Frameworks */,
				19C28FACFE9D520D11CA2CBB /* Products */,
			);
			name = Helium;
			sourceTree = "<group>";
		};
		29B97315FDCFA39411CA2CEA /* Other Sources */ = {
			isa = PBXGroup;
			children = (
				32CA4F630368D1EE00C91783 /* Helium_Prefix.pch */,
				29B97316FDCFA39411CA2CEA /* main.m */,
			);
			name = "Other Sources";
			sourceTree = "<group>";
		};
		29B97317FDCFA39411CA2CEA /* Resources */ = {
			isa = PBXGroup;
			children = (
				8D1107310486CEB800E47090 /* Helium-Info.plist */,
				089C165CFE840E0CC02AAC07 /* InfoPlist.strings */,
				2F7446970DB6B7EA00F9684A /* MainMenu.xib */,
				75E91C4C10D81A480045E672 /* HEReader.xib */,
				7509BD9710D95C3D00ED6FAC /* HEPreferences.xib */,
			);
			name = Resources;
			sourceTree = "<group>";
		};
		29B97323FDCFA39411CA2CEA /* Frameworks */ = {
			isa = PBXGroup;
			children = (
				1058C7A0FEA54F0111CA2CBB /* Linked Frameworks */,
				1058C7A2FEA54F0111CA2CBB /* Other Frameworks */,
			);
			name = Frameworks;
			sourceTree = "<group>";
		};
		7509BD7610D95AF900ED6FAC /* Parsing */ = {
			isa = PBXGroup;
			children = (
				7509BD5610D9590700ED6FAC /* HEParser.h */,
				7509BD5710D9590700ED6FAC /* HEParser.m */,
				75E91CFE10D831410045E672 /* HERSSParser.h */,
				75E91CFF10D831410045E672 /* HERSSParser.m */,
				7509BD7910D95B0400ED6FAC /* HEAtomParser.h */,
				7509BD7A10D95B0400ED6FAC /* HEAtomParser.m */,
			);
			name = Parsing;
			sourceTree = "<group>";
		};
		7509BD8E10D95BF900ED6FAC /* Controllers */ = {
			isa = PBXGroup;
			children = (
				77C8280B06725ACE000B614F /* HEApplicationDelegate.h */,
				77C8280C06725ACE000B614F /* HEApplicationDelegate.m */,
				75E920E410D8797B0045E672 /* HERefresher.h */,
				75E920E510D8797B0045E672 /* HERefresher.m */,
				75E91C8A10D81E9F0045E672 /* HEReaderWindowController.h */,
				75E91C8B10D81E9F0045E672 /* HEReaderWindowController.m */,
				7509BDCF10D9625B00ED6FAC /* HEPreferencesWindowController.h */,
				7509BDD010D9625B00ED6FAC /* HEPreferencesWindowController.m */,
			);
			name = Controllers;
			sourceTree = "<group>";
		};
		7509BD9110D95C0C00ED6FAC /* Views */ = {
			isa = PBXGroup;
			children = (
				75E91C8F10D81EBF0045E672 /* HEPostListView.h */,
				75E91C9010D81EBF0045E672 /* HEPostListView.m */,
				75E91D5810D864730045E672 /* HEPostListItemLayer.h */,
				75E91D5910D864730045E672 /* HEPostListItemLayer.m */,
				75E91CD010D827D90045E672 /* HEBannerView.h */,
				75E91CD110D827D90045E672 /* HEBannerView.m */,
			);
			name = Views;
			sourceTree = "<group>";
		};
		7509BD9410D95C1F00ED6FAC /* Misc */ = {
			isa = PBXGroup;
			children = (
				75E91D0D10D842320045E672 /* HERSSDateParser.h */,
				75E91D0E10D842320045E672 /* HERSSDateParser.m */,
				757559A610DA595C009224B7 /* NSManagedObject+Utilities.h */,
				757559A710DA595C009224B7 /* NSManagedObject+Utilities.m */,
				7523D21A10D98F1700144B8B /* RegexKitLite.h */,
				7523D21B10D98F1700144B8B /* RegexKitLite.m */,
			);
			name = Misc;
			sourceTree = "<group>";
		};
		7756732906782D8800D1FEB8 /* Models */ = {
			isa = PBXGroup;
			children = (
				770B37EC0679A11B001EADE2 /* Helium_DataModel.xcdatamodel */,
			);
			name = Models;
			sourceTree = "<group>";
		};
/* End PBXGroup section */

/* Begin PBXNativeTarget section */
		8D1107260486CEB800E47090 /* Helium */ = {
			isa = PBXNativeTarget;
			buildConfigurationList = 26FC0A840875C7B200E6366F /* Build configuration list for PBXNativeTarget "Helium" */;
			buildPhases = (
				8D1107290486CEB800E47090 /* Resources */,
				8D11072C0486CEB800E47090 /* Sources */,
				8D11072E0486CEB800E47090 /* Frameworks */,
				75E91C8410D81C990045E672 /* CopyFiles */,
			);
			buildRules = (
			);
			dependencies = (
			);
			name = Helium;
			productInstallPath = "$(HOME)/Applications";
			productName = Helium;
			productReference = 8D1107320486CEB800E47090 /* Helium.app */;
			productType = "com.apple.product-type.application";
		};
/* End PBXNativeTarget section */

/* Begin PBXProject section */
		29B97313FDCFA39411CA2CEA /* Project object */ = {
			isa = PBXProject;
			buildConfigurationList = 26FC0A880875C7B200E6366F /* Build configuration list for PBXProject "Helium" */;
			compatibilityVersion = "Xcode 3.1";
			hasScannedForEncodings = 1;
			mainGroup = 29B97314FDCFA39411CA2CEA /* Helium */;
			projectDirPath = "";
			projectRoot = "";
			targets = (
				8D1107260486CEB800E47090 /* Helium */,
			);
		};
/* End PBXProject section */

/* Begin PBXResourcesBuildPhase section */
		8D1107290486CEB800E47090 /* Resources */ = {
			isa = PBXResourcesBuildPhase;
			buildActionMask = 2147483647;
			files = (
				8D11072B0486CEB800E47090 /* InfoPlist.strings in Resources */,
				2F7446990DB6B7EA00F9684A /* MainMenu.xib in Resources */,
				75E91C4D10D81A480045E672 /* HEReader.xib in Resources */,
				7509BD9810D95C3D00ED6FAC /* HEPreferences.xib in Resources */,
			);
			runOnlyForDeploymentPostprocessing = 0;
		};
/* End PBXResourcesBuildPhase section */

/* Begin PBXSourcesBuildPhase section */
		8D11072C0486CEB800E47090 /* Sources */ = {
			isa = PBXSourcesBuildPhase;
			buildActionMask = 2147483647;
			files = (
				8D11072D0486CEB800E47090 /* main.m in Sources */,
				77C8280E06725ACE000B614F /* HEApplicationDelegate.m in Sources */,
				770B37ED0679A11B001EADE2 /* Helium_DataModel.xcdatamodel in Sources */,
				75E91C8C10D81E9F0045E672 /* HEReaderWindowController.m in Sources */,
				75E91C9110D81EBF0045E672 /* HEPostListView.m in Sources */,
				75E91CD210D827D90045E672 /* HEBannerView.m in Sources */,
				75E91D0010D831410045E672 /* HERSSParser.m in Sources */,
				75E91D0F10D842320045E672 /* HERSSDateParser.m in Sources */,
				75E91D5A10D864730045E672 /* HEPostListItemLayer.m in Sources */,
				75E920E610D8797B0045E672 /* HERefresher.m in Sources */,
				7509BD5810D9590700ED6FAC /* HEParser.m in Sources */,
				7509BD7B10D95B0400ED6FAC /* HEAtomParser.m in Sources */,
				7509BDD110D9625B00ED6FAC /* HEPreferencesWindowController.m in Sources */,
				7523D21C10D98F1700144B8B /* RegexKitLite.m in Sources */,
				757559A810DA595C009224B7 /* NSManagedObject+Utilities.m in Sources */,
			);
			runOnlyForDeploymentPostprocessing = 0;
		};
/* End PBXSourcesBuildPhase section */

/* Begin PBXVariantGroup section */
		089C165CFE840E0CC02AAC07 /* InfoPlist.strings */ = {
			isa = PBXVariantGroup;
			children = (
				089C165DFE840E0CC02AAC07 /* English */,
			);
			name = InfoPlist.strings;
			sourceTree = "<group>";
		};
		2F7446970DB6B7EA00F9684A /* MainMenu.xib */ = {
			isa = PBXVariantGroup;
			children = (
				2F7446980DB6B7EA00F9684A /* English */,
			);
			name = MainMenu.xib;
			sourceTree = "<group>";
		};
/* End PBXVariantGroup section */

/* Begin XCBuildConfiguration section */
		26FC0A850875C7B200E6366F /* Debug */ = {
			isa = XCBuildConfiguration;
			buildSettings = {
				ARCHS = "$(ARCHS_STANDARD_32_64_BIT)";
				COPY_PHASE_STRIP = NO;
				FRAMEWORK_SEARCH_PATHS = (
					"$(inherited)",
					"\"$(SRCROOT)\"",
				);
				GCC_DYNAMIC_NO_PIC = NO;
				GCC_ENABLE_FIX_AND_CONTINUE = YES;
				GCC_ENABLE_OBJC_EXCEPTIONS = YES;
				GCC_MODEL_TUNING = G5;
				GCC_OPTIMIZATION_LEVEL = 0;
				GCC_PRECOMPILE_PREFIX_HEADER = YES;
				GCC_PREFIX_HEADER = Helium_Prefix.pch;
				INFOPLIST_FILE = "Helium-Info.plist";
				INSTALL_PATH = "$(HOME)/Applications";
				PRODUCT_NAME = Helium;
				WRAPPER_EXTENSION = app;
			};
			name = Debug;
		};
		26FC0A860875C7B200E6366F /* Release */ = {
			isa = XCBuildConfiguration;
			buildSettings = {
				DEBUG_INFORMATION_FORMAT = "dwarf-with-dsym";
				FRAMEWORK_SEARCH_PATHS = (
					"$(inherited)",
					"\"$(SRCROOT)\"",
				);
				GCC_ENABLE_OBJC_EXCEPTIONS = YES;
				GCC_MODEL_TUNING = G5;
				GCC_PRECOMPILE_PREFIX_HEADER = YES;
				GCC_PREFIX_HEADER = Helium_Prefix.pch;
				INFOPLIST_FILE = "Helium-Info.plist";
				INSTALL_PATH = "$(HOME)/Applications";
				PRODUCT_NAME = Helium;
				WRAPPER_EXTENSION = app;
			};
			name = Release;
		};
		26FC0A890875C7B200E6366F /* Debug */ = {
			isa = XCBuildConfiguration;
			buildSettings = {
				ARCHS = "$(ARCHS_STANDARD_64_BIT)";
				GCC_C_LANGUAGE_STANDARD = gnu99;
				GCC_ENABLE_OBJC_GC = required;
				GCC_OPTIMIZATION_LEVEL = 3;
				GCC_VERSION = com.apple.compilers.llvm.clang.1_0;
				GCC_WARN_ABOUT_RETURN_TYPE = YES;
				GCC_WARN_UNUSED_VARIABLE = YES;
				LLVM_LTO = YES;
				ONLY_ACTIVE_ARCH = YES;
				PREBINDING = NO;
				SDKROOT = macosx10.6;
			};
			name = Debug;
		};
		26FC0A8A0875C7B200E6366F /* Release */ = {
			isa = XCBuildConfiguration;
			buildSettings = {
				ARCHS = "$(ARCHS_STANDARD_64_BIT)";
				GCC_C_LANGUAGE_STANDARD = gnu99;
				GCC_ENABLE_OBJC_GC = required;
				GCC_OPTIMIZATION_LEVEL = 3;
				GCC_VERSION = com.apple.compilers.llvm.clang.1_0;
				GCC_WARN_ABOUT_RETURN_TYPE = YES;
				GCC_WARN_UNUSED_VARIABLE = YES;
				LLVM_LTO = YES;
				PREBINDING = NO;
				SDKROOT = macosx10.6;
			};
			name = Release;
		};
/* End XCBuildConfiguration section */

/* Begin XCConfigurationList section */
		26FC0A840875C7B200E6366F /* Build configuration list for PBXNativeTarget "Helium" */ = {
			isa = XCConfigurationList;
			buildConfigurations = (
				26FC0A850875C7B200E6366F /* Debug */,
				26FC0A860875C7B200E6366F /* Release */,
			);
			defaultConfigurationIsVisible = 0;
			defaultConfigurationName = Release;
		};
		26FC0A880875C7B200E6366F /* Build configuration list for PBXProject "Helium" */ = {
			isa = XCConfigurationList;
			buildConfigurations = (
				26FC0A890875C7B200E6366F /* Debug */,
				26FC0A8A0875C7B200E6366F /* Release */,
			);
			defaultConfigurationIsVisible = 0;
			defaultConfigurationName = Release;
		};
/* End XCConfigurationList section */
	};
	rootObject = 29B97313FDCFA39411CA2CEA /* Project object */;
}
